{
  "name": "utils",
  "version": "1.0.0",
  "lockfileVersion": 2,
  "requires": true,
  "packages": {
    "": {
      "name": "utils",
      "version": "1.0.0",
      "license": "ISC",
      "dependencies": {
        "counting-set": "^1.0.1"
      }
    },
    "node_modules/counting-set": {
      "version": "1.0.1",
      "resolved": "https://registry.npmjs.org/counting-set/-/counting-set-1.0.1.tgz",
      "integrity": "sha512-ATJfmL9jPqINQuwsq3Rq1A99cVs+fNXGLDACCj+oM2AabBg4NH3987355D4KbAe+VbyeFk0x1Ay1wW+UeJq4kA=="
    }
  },
  "dependencies": {
    "counting-set": {
      "version": "1.0.1",
      "resolved": "https://registry.npmjs.org/counting-set/-/counting-set-1.0.1.tgz",
      "integrity": "sha512-ATJfmL9jPqINQuwsq3Rq1A99cVs+fNXGLDACCj+oM2AabBg4NH3987355D4KbAe+VbyeFk0x1Ay1wW+UeJq4kA=="
    }
  }
}
