// !$*UTF8*$!
{
	archiveVersion = 1;
	classes = {
	};
	objectVersion = 46;
	objects = {

/* Begin PBXBuildFile section */
		B9B0FE4F1C127C0C0096DFC0 /* main.swift in Sources */ = {isa = PBXBuildFile; fileRef = B9B0FE4E1C127C0C0096DFC0 /* main.swift */; };
		B9B0FE591C127D0B0096DFC0 /* day1.swift in Sources */ = {isa = PBXBuildFile; fileRef = B9B0FE581C127D0B0096DFC0 /* day1.swift */; };
/* End PBXBuildFile section */

/* Begin PBXCopyFilesBuildPhase section */
		B9B0FE491C127C0C0096DFC0 /* CopyFiles */ = {
			isa = PBXCopyFilesBuildPhase;
			buildActionMask = 2147483647;
			dstPath = /usr/share/man/man1/;
			dstSubfolderSpec = 0;
			files = (
			);
			runOnlyForDeploymentPostprocessing = 1;
		};
/* End PBXCopyFilesBuildPhase section */

/* Begin PBXFileReference section */
		B9B0FE4B1C127C0C0096DFC0 /* Advent of Code */ = {isa = PBXFileReference; explicitFileType = "compiled.mach-o.executable"; includeInIndex = 0; path = "Advent of Code"; sourceTree = BUILT_PRODUCTS_DIR; };
		B9B0FE4E1C127C0C0096DFC0 /* main.swift */ = {isa = PBXFileReference; lastKnownFileType = sourcecode.swift; path = main.swift; sourceTree = "<group>"; };
		B9B0FE571C127C670096DFC0 /* day1 */ = {isa = PBXFileReference; lastKnownFileType = folder; path = day1; sourceTree = "<group>"; };
		B9B0FE581C127D0B0096DFC0 /* day1.swift */ = {isa = PBXFileReference; lastKnownFileType = sourcecode.swift; name = day1.swift; path = "Advent of Code/day1/day1.swift"; sourceTree = "<group>"; };
/* End PBXFileReference section */

/* Begin PBXFrameworksBuildPhase section */
		B9B0FE481C127C0C0096DFC0 /* Frameworks */ = {
			isa = PBXFrameworksBuildPhase;
			buildActionMask = 2147483647;
			files = (
			);
			runOnlyForDeploymentPostprocessing = 0;
		};
/* End PBXFrameworksBuildPhase section */

/* Begin PBXGroup section */
		B9B0FE421C127C0C0096DFC0 = {
			isa = PBXGroup;
			children = (
				B9B0FE581C127D0B0096DFC0 /* day1.swift */,
				B9B0FE4D1C127C0C0096DFC0 /* Advent of Code */,
				B9B0FE4C1C127C0C0096DFC0 /* Products */,
			);
			sourceTree = "<group>";
		};
		B9B0FE4C1C127C0C0096DFC0 /* Products */ = {
			isa = PBXGroup;
			children = (
				B9B0FE4B1C127C0C0096DFC0 /* Advent of Code */,
			);
			name = Products;
			sourceTree = "<group>";
		};
		B9B0FE4D1C127C0C0096DFC0 /* Advent of Code */ = {
			isa = PBXGroup;
			children = (
				B9B0FE571C127C670096DFC0 /* day1 */,
				B9B0FE4E1C127C0C0096DFC0 /* main.swift */,
			);
			path = "Advent of Code";
			sourceTree = "<group>";
		};
/* End PBXGroup section */

/* Begin PBXNativeTarget section */
		B9B0FE4A1C127C0C0096DFC0 /* Advent of Code */ = {
			isa = PBXNativeTarget;
			buildConfigurationList = B9B0FE521C127C0C0096DFC0 /* Build configuration list for PBXNativeTarget "Advent of Code" */;
			buildPhases = (
				B9B0FE471C127C0C0096DFC0 /* Sources */,
				B9B0FE481C127C0C0096DFC0 /* Frameworks */,
				B9B0FE491C127C0C0096DFC0 /* CopyFiles */,
			);
			buildRules = (
			);
			dependencies = (
			);
			name = "Advent of Code";
			productName = "Advent of Code";
			productReference = B9B0FE4B1C127C0C0096DFC0 /* Advent of Code */;
			productType = "com.apple.product-type.tool";
		};
/* End PBXNativeTarget section */

/* Begin PBXProject section */
		B9B0FE431C127C0C0096DFC0 /* Project object */ = {
			isa = PBXProject;
			attributes = {
				LastSwiftUpdateCheck = 0710;
				LastUpgradeCheck = 0710;
				ORGANIZATIONNAME = "Greg Walker";
				TargetAttributes = {
					B9B0FE4A1C127C0C0096DFC0 = {
						CreatedOnToolsVersion = 7.1.1;
					};
				};
			};
			buildConfigurationList = B9B0FE461C127C0C0096DFC0 /* Build configuration list for PBXProject "Advent of Code" */;
			compatibilityVersion = "Xcode 3.2";
			developmentRegion = English;
			hasScannedForEncodings = 0;
			knownRegions = (
				en,
			);
			mainGroup = B9B0FE421C127C0C0096DFC0;
			productRefGroup = B9B0FE4C1C127C0C0096DFC0 /* Products */;
			projectDirPath = "";
			projectRoot = "";
			targets = (
				B9B0FE4A1C127C0C0096DFC0 /* Advent of Code */,
			);
		};
/* End PBXProject section */

/* Begin PBXSourcesBuildPhase section */
		B9B0FE471C127C0C0096DFC0 /* Sources */ = {
			isa = PBXSourcesBuildPhase;
			buildActionMask = 2147483647;
			files = (
				B9B0FE4F1C127C0C0096DFC0 /* main.swift in Sources */,
				B9B0FE591C127D0B0096DFC0 /* day1.swift in Sources */,
			);
			runOnlyForDeploymentPostprocessing = 0;
		};
/* End PBXSourcesBuildPhase section */

/* Begin XCBuildConfiguration section */
		B9B0FE501C127C0C0096DFC0 /* Debug */ = {
			isa = XCBuildConfiguration;
			buildSettings = {
				ALWAYS_SEARCH_USER_PATHS = NO;
				CLANG_CXX_LANGUAGE_STANDARD = "gnu++0x";
				CLANG_CXX_LIBRARY = "libc++";
				CLANG_ENABLE_MODULES = YES;
				CLANG_ENABLE_OBJC_ARC = YES;
				CLANG_WARN_BOOL_CONVERSION = YES;
				CLANG_WARN_CONSTANT_CONVERSION = YES;
				CLANG_WARN_DIRECT_OBJC_ISA_USAGE = YES_ERROR;
				CLANG_WARN_EMPTY_BODY = YES;
				CLANG_WARN_ENUM_CONVERSION = YES;
				CLANG_WARN_INT_CONVERSION = YES;
				CLANG_WARN_OBJC_ROOT_CLASS = YES_ERROR;
				CLANG_WARN_UNREACHABLE_CODE = YES;
				CLANG_WARN__DUPLICATE_METHOD_MATCH = YES;
				CODE_SIGN_IDENTITY = "-";
				COPY_PHASE_STRIP = NO;
				DEBUG_INFORMATION_FORMAT = dwarf;
				ENABLE_STRICT_OBJC_MSGSEND = YES;
				ENABLE_TESTABILITY = YES;
				GCC_C_LANGUAGE_STANDARD = gnu99;
				GCC_DYNAMIC_NO_PIC = NO;
				GCC_NO_COMMON_BLOCKS = YES;
				GCC_OPTIMIZATION_LEVEL = 0;
				GCC_PREPROCESSOR_DEFINITIONS = (
					"DEBUG=1",
					"$(inherited)",
				);
				GCC_WARN_64_TO_32_BIT_CONVERSION = YES;
				GCC_WARN_ABOUT_RETURN_TYPE = YES_ERROR;
				GCC_WARN_UNDECLARED_SELECTOR = YES;
				GCC_WARN_UNINITIALIZED_AUTOS = YES_AGGRESSIVE;
				GCC_WARN_UNUSED_FUNCTION = YES;
				GCC_WARN_UNUSED_VARIABLE = YES;
				MACOSX_DEPLOYMENT_TARGET = 10.11;
				MTL_ENABLE_DEBUG_INFO = YES;
				ONLY_ACTIVE_ARCH = YES;
				SDKROOT = macosx;
				SWIFT_OPTIMIZATION_LEVEL = "-Onone";
			};
			name = Debug;
		};
		B9B0FE511C127C0C0096DFC0 /* Release */ = {
			isa = XCBuildConfiguration;
			buildSettings = {
				ALWAYS_SEARCH_USER_PATHS = NO;
				CLANG_CXX_LANGUAGE_STANDARD = "gnu++0x";
				CLANG_CXX_LIBRARY = "libc++";
				CLANG_ENABLE_MODULES = YES;
				CLANG_ENABLE_OBJC_ARC = YES;
				CLANG_WARN_BOOL_CONVERSION = YES;
				CLANG_WARN_CONSTANT_CONVERSION = YES;
				CLANG_WARN_DIRECT_OBJC_ISA_USAGE = YES_ERROR;
				CLANG_WARN_EMPTY_BODY = YES;
				CLANG_WARN_ENUM_CONVERSION = YES;
				CLANG_WARN_INT_CONVERSION = YES;
				CLANG_WARN_OBJC_ROOT_CLASS = YES_ERROR;
				CLANG_WARN_UNREACHABLE_CODE = YES;
				CLANG_WARN__DUPLICATE_METHOD_MATCH = YES;
				CODE_SIGN_IDENTITY = "-";
				COPY_PHASE_STRIP = NO;
				DEBUG_INFORMATION_FORMAT = "dwarf-with-dsym";
				ENABLE_NS_ASSERTIONS = NO;
				ENABLE_STRICT_OBJC_MSGSEND = YES;
				GCC_C_LANGUAGE_STANDARD = gnu99;
				GCC_NO_COMMON_BLOCKS = YES;
				GCC_WARN_64_TO_32_BIT_CONVERSION = YES;
				GCC_WARN_ABOUT_RETURN_TYPE = YES_ERROR;
				GCC_WARN_UNDECLARED_SELECTOR = YES;
				GCC_WARN_UNINITIALIZED_AUTOS = YES_AGGRESSIVE;
				GCC_WARN_UNUSED_FUNCTION = YES;
				GCC_WARN_UNUSED_VARIABLE = YES;
				MACOSX_DEPLOYMENT_TARGET = 10.11;
				MTL_ENABLE_DEBUG_INFO = NO;
				SDKROOT = macosx;
			};
			name = Release;
		};
		B9B0FE531C127C0C0096DFC0 /* Debug */ = {
			isa = XCBuildConfiguration;
			buildSettings = {
				PRODUCT_NAME = "$(TARGET_NAME)";
			};
			name = Debug;
		};
		B9B0FE541C127C0C0096DFC0 /* Release */ = {
			isa = XCBuildConfiguration;
			buildSettings = {
				PRODUCT_NAME = "$(TARGET_NAME)";
			};
			name = Release;
		};
/* End XCBuildConfiguration section */

/* Begin XCConfigurationList section */
		B9B0FE461C127C0C0096DFC0 /* Build configuration list for PBXProject "Advent of Code" */ = {
			isa = XCConfigurationList;
			buildConfigurations = (
				B9B0FE501C127C0C0096DFC0 /* Debug */,
				B9B0FE511C127C0C0096DFC0 /* Release */,
			);
			defaultConfigurationIsVisible = 0;
			defaultConfigurationName = Release;
		};
		B9B0FE521C127C0C0096DFC0 /* Build configuration list for PBXNativeTarget "Advent of Code" */ = {
			isa = XCConfigurationList;
			buildConfigurations = (
				B9B0FE531C127C0C0096DFC0 /* Debug */,
				B9B0FE541C127C0C0096DFC0 /* Release */,
			);
			defaultConfigurationIsVisible = 0;
		};
/* End XCConfigurationList section */
	};
	rootObject = B9B0FE431C127C0C0096DFC0 /* Project object */;
}
